
Microsoft Visual Studio Solution File, Format Version 12.00
# Visual Studio Version 17
VisualStudioVersion = 17.8.34525.116
MinimumVisualStudioVersion = 10.0.40219.1
Project("{FAE04EC0-301F-11D3-BF4B-00C04F79EFBC}") = "StudentClassLibrary", "StudentClassLibrary\StudentClassLibrary.csproj", "{7821B4F5-ACC1-491A-B200-25F79535408A}"
EndProject
Project("{FAE04EC0-301F-11D3-BF4B-00C04F79EFBC}") = "StudentConsoleApp", "StudentConsoleApp\StudentConsoleApp.csproj", "{5D470233-7C39-4E76-ABB6-08A365797C6E}"
EndProject
Project("{FAE04EC0-301F-11D3-BF4B-00C04F79EFBC}") = "StudentMVCApp", "StudentMVCApp\StudentMVCApp.csproj", "{71A8A3AE-B81C-40CF-ADBF-0E3716E607B2}"
EndProject
Global
	GlobalSection(SolutionConfigurationPlatforms) = preSolution
		Debug|Any CPU = Debug|Any CPU
		Release|Any CPU = Release|Any CPU
	EndGlobalSection
	GlobalSection(ProjectConfigurationPlatforms) = postSolution
		{7821B4F5-ACC1-491A-B200-25F79535408A}.Debug|Any CPU.ActiveCfg = Debug|Any CPU
		{7821B4F5-ACC1-491A-B200-25F79535408A}.Debug|Any CPU.Build.0 = Debug|Any CPU
		{7821B4F5-ACC1-491A-B200-25F79535408A}.Release|Any CPU.ActiveCfg = Release|Any CPU
		{7821B4F5-ACC1-491A-B200-25F79535408A}.Release|Any CPU.Build.0 = Release|Any CPU
		{5D470233-7C39-4E76-ABB6-08A365797C6E}.Debug|Any CPU.ActiveCfg = Debug|Any CPU
		{5D470233-7C39-4E76-ABB6-08A365797C6E}.Debug|Any CPU.Build.0 = Debug|Any CPU
		{5D470233-7C39-4E76-ABB6-08A365797C6E}.Release|Any CPU.ActiveCfg = Release|Any CPU
		{5D470233-7C39-4E76-ABB6-08A365797C6E}.Release|Any CPU.Build.0 = Release|Any CPU
		{71A8A3AE-B81C-40CF-ADBF-0E3716E607B2}.Debug|Any CPU.ActiveCfg = Debug|Any CPU
		{71A8A3AE-B81C-40CF-ADBF-0E3716E607B2}.Debug|Any CPU.Build.0 = Debug|Any CPU
		{71A8A3AE-B81C-40CF-ADBF-0E3716E607B2}.Release|Any CPU.ActiveCfg = Release|Any CPU
		{71A8A3AE-B81C-40CF-ADBF-0E3716E607B2}.Release|Any CPU.Build.0 = Release|Any CPU
	EndGlobalSection
	GlobalSection(SolutionProperties) = preSolution
		HideSolutionNode = FALSE
	EndGlobalSection
	GlobalSection(ExtensibilityGlobals) = postSolution
		SolutionGuid = {1365B100-BF8B-466F-ADC7-363959F2AFEE}
	EndGlobalSection
EndGlobal
